github.com/gergovari/blog-content v0.0.0-20230415052356-76cf8040d762 h1:Wf9Dk2ICPGbqacUtZBq46tccCSK+utGseEatlLYGXcE=
github.com/gergovari/blog-content v0.0.0-20230415052356-76cf8040d762/go.mod h1:l60EUyfcMS+jdgDKhTGqkB2kp0P7Api3k3KX6c7OKDQ=
github.com/gergovari/blog-content v0.0.0-20230415101907-ff8e892542b5 h1:iUlXbnQjZd1BfbHvQcJang3Tw/HAEpOq335V2BZcizs=
github.com/gergovari/blog-content v0.0.0-20230415101907-ff8e892542b5/go.mod h1:l60EUyfcMS+jdgDKhTGqkB2kp0P7Api3k3KX6c7OKDQ=
github.com/gergovari/blog-content v0.0.0-20230415102312-f3c182d833e7 h1:GviGmqyVLoNNBUaVbFkwC7SUvXqeZdKID6d9yaEyNDQ=
github.com/gergovari/blog-content v0.0.0-20230415102312-f3c182d833e7/go.mod h1:l60EUyfcMS+jdgDKhTGqkB2kp0P7Api3k3KX6c7OKDQ=
github.com/gergovari/blog-content v0.0.0-20230415142217-8f6c7ef80615 h1:l7rI7FlUg5yzxhxFEcHkbrWUy3UBnMSmRINPoQUKHL4=
github.com/gergovari/blog-content v0.0.0-20230415142217-8f6c7ef80615/go.mod h1:l60EUyfcMS+jdgDKhTGqkB2kp0P7Api3k3KX6c7OKDQ=
github.com/gergovari/blog-content v0.0.0-20230416130100-e1790fc5780f h1:qZ32gQHmIYmBer+9Yl+pQwXu9rKlS5O7WeMTBqeHcGE=
github.com/gergovari/blog-content v0.0.0-20230416130100-e1790fc5780f/go.mod h1:l60EUyfcMS+jdgDKhTGqkB2kp0P7Api3k3KX6c7OKDQ=
github.com/gergovari/blog-content v0.0.0-20230416144614-3f61e9d9ff2f h1:F2B+mF9KV1apDOaBBHF4UZI/TGeHb0SDlezZXqcFBmk=
github.com/gergovari/blog-content v0.0.0-20230416144614-3f61e9d9ff2f/go.mod h1:l60EUyfcMS+jdgDKhTGqkB2kp0P7Api3k3KX6c7OKDQ=
github.com/gergovari/blog-content v0.0.0-20230416181902-0c83d1274ee0 h1:WcYWAOHD3P2nMLYTuvoGn7sAiP77F4w4ckl7RZpOM0o=
github.com/gergovari/blog-content v0.0.0-20230416181902-0c83d1274ee0/go.mod h1:l60EUyfcMS+jdgDKhTGqkB2kp0P7Api3k3KX6c7OKDQ=
github.com/gergovari/blog-content v0.0.0-20230417122622-db0925f639e4 h1:jYe3TJFXcEFSuAk0ZNLMSxC/YVJmv2RfW39PIu71+io=
github.com/gergovari/blog-content v0.0.0-20230417122622-db0925f639e4/go.mod h1:l60EUyfcMS+jdgDKhTGqkB2kp0P7Api3k3KX6c7OKDQ=
github.com/gergovari/blog-content v0.0.0-20230417123148-c31713081084 h1:KQmRy6K22TZoXN99hzj4zE8eDqMEq3EtaUWQhw3DVqw=
github.com/gergovari/blog-content v0.0.0-20230417123148-c31713081084/go.mod h1:l60EUyfcMS+jdgDKhTGqkB2kp0P7Api3k3KX6c7OKDQ=
github.com/gergovari/blog-content v0.0.0-20230418095448-d8d483880b9f h1:Qv11ddhvL8xAcMStMpd5wJgn5AqV9FAFHaOr7vut99k=
github.com/gergovari/blog-content v0.0.0-20230418095448-d8d483880b9f/go.mod h1:l60EUyfcMS+jdgDKhTGqkB2kp0P7Api3k3KX6c7OKDQ=
github.com/gergovari/blog-content v0.0.0-20230419103312-9dbcff8642c7 h1:mQf/WLEdgUejNR4qI2TGDn07KabG0sP4/foYf0ulQq8=
github.com/gergovari/blog-content v0.0.0-20230419103312-9dbcff8642c7/go.mod h1:l60EUyfcMS+jdgDKhTGqkB2kp0P7Api3k3KX6c7OKDQ=
github.com/gergovari/blog-content v0.0.0-20230420071000-fd85a9950f5c h1:WMJ3L4xU9wVmFGWlgBnhIgbTCuxJjMgdcwEIhlNpyCU=
github.com/gergovari/blog-content v0.0.0-20230420071000-fd85a9950f5c/go.mod h1:l60EUyfcMS+jdgDKhTGqkB2kp0P7Api3k3KX6c7OKDQ=
github.com/gergovari/blog-content v0.0.0-20230421061438-63abea3aa8f0 h1:BUMA57DZxMN7uWwnpJbfGlNdCEFIddGq8Hafj8Kqb1Q=
github.com/gergovari/blog-content v0.0.0-20230421061438-63abea3aa8f0/go.mod h1:l60EUyfcMS+jdgDKhTGqkB2kp0P7Api3k3KX6c7OKDQ=
github.com/gergovari/blog-content v0.0.0-20230422052925-5d640e4fc2ed h1:oukyVDtQ2QtcruHptH/2uR3dKLZnA/2krzkAWjjXRJQ=
github.com/gergovari/blog-content v0.0.0-20230422052925-5d640e4fc2ed/go.mod h1:l60EUyfcMS+jdgDKhTGqkB2kp0P7Api3k3KX6c7OKDQ=
github.com/gergovari/blog-content v0.0.0-20230422063310-bf0ab1ba43de h1:L6QDZ2xFLW1jV8OWAlER1Et48+foEv9ayPcR3n/dN9Q=
github.com/gergovari/blog-content v0.0.0-20230422063310-bf0ab1ba43de/go.mod h1:l60EUyfcMS+jdgDKhTGqkB2kp0P7Api3k3KX6c7OKDQ=
github.com/gergovari/blog-content v0.0.0-20230423045938-0e86c1915633 h1:+O6XjYA43PTPWL9RSyirKpeBR/S1OPEyDV7FUQLs/nE=
github.com/gergovari/blog-content v0.0.0-20230423045938-0e86c1915633/go.mod h1:l60EUyfcMS+jdgDKhTGqkB2kp0P7Api3k3KX6c7OKDQ=
github.com/gergovari/blog-content v0.0.0-20230423050519-076e47ed45b6 h1:mIItNiccw5LZOnsTx2n9dGSOjf8UVf7vzRu4LBFlO/E=
github.com/gergovari/blog-content v0.0.0-20230423050519-076e47ed45b6/go.mod h1:l60EUyfcMS+jdgDKhTGqkB2kp0P7Api3k3KX6c7OKDQ=
github.com/gergovari/blog-content v0.0.0-20230423142736-07d0d5178ffc h1:3xBz2a/11z1CK6eiCoCmzT1PfJkh3UEy9qJ6B26u1js=
github.com/gergovari/blog-content v0.0.0-20230423142736-07d0d5178ffc/go.mod h1:l60EUyfcMS+jdgDKhTGqkB2kp0P7Api3k3KX6c7OKDQ=
github.com/gergovari/blog-content v0.0.0-20230424050604-e0d5405daf2b h1:cmQgaWmsnHZbETfJhfZ5Zi6fg3ACmAGjJAJbmBxamHI=
github.com/gergovari/blog-content v0.0.0-20230424050604-e0d5405daf2b/go.mod h1:l60EUyfcMS+jdgDKhTGqkB2kp0P7Api3k3KX6c7OKDQ=
github.com/gergovari/blog-content v0.0.0-20230424051433-979c0bbcf9e1 h1:B2n/2SJre2d+GDMmv/kxzgVf5MkBWMGH4Hkh8MZn1p8=
github.com/gergovari/blog-content v0.0.0-20230424051433-979c0bbcf9e1/go.mod h1:l60EUyfcMS+jdgDKhTGqkB2kp0P7Api3k3KX6c7OKDQ=
github.com/gergovari/blog-content v0.0.0-20230424091720-1e71f857bcea h1:wADCe4wz5alt4H4IRD7Gja1fdRI2oOH5YOObfk8eyjU=
github.com/gergovari/blog-content v0.0.0-20230424091720-1e71f857bcea/go.mod h1:l60EUyfcMS+jdgDKhTGqkB2kp0P7Api3k3KX6c7OKDQ=
github.com/gergovari/blog-content v0.0.0-20230424142141-066f0308a22d h1:h3hYCKFmvNGbM4IF2lsvqMBcjZm8ouUqjqHefSCEveg=
github.com/gergovari/blog-content v0.0.0-20230424142141-066f0308a22d/go.mod h1:l60EUyfcMS+jdgDKhTGqkB2kp0P7Api3k3KX6c7OKDQ=
github.com/gergovari/blog-content v0.0.0-20230424143034-5e1536ccefd0 h1:+BiCB08wFBZx+sZqKQTOVoCVRnHVyaVIwfSt4GGWoLE=
github.com/gergovari/blog-content v0.0.0-20230424143034-5e1536ccefd0/go.mod h1:l60EUyfcMS+jdgDKhTGqkB2kp0P7Api3k3KX6c7OKDQ=
github.com/gergovari/blog-content v0.0.0-20230425044234-47c765179a4e h1:kKR+7Eo4okE4oUXSEbh04EMfNQAWJjA1hih914aXBpY=
github.com/gergovari/blog-content v0.0.0-20230425044234-47c765179a4e/go.mod h1:l60EUyfcMS+jdgDKhTGqkB2kp0P7Api3k3KX6c7OKDQ=
github.com/gergovari/blog-content v0.0.0-20230426042635-b44ecf83415a h1:me6HTa0QyatHyCKPfVbVKpUaigozYS+GZrtFYYwkkwk=
github.com/gergovari/blog-content v0.0.0-20230426042635-b44ecf83415a/go.mod h1:l60EUyfcMS+jdgDKhTGqkB2kp0P7Api3k3KX6c7OKDQ=
github.com/gergovari/blog-content v0.0.0-20230426050410-5360eb6978fa h1:3mJyOeyhD3u/9Wjam/Ha97pfVTJUjc1PvcTm34jBZWE=
github.com/gergovari/blog-content v0.0.0-20230426050410-5360eb6978fa/go.mod h1:l60EUyfcMS+jdgDKhTGqkB2kp0P7Api3k3KX6c7OKDQ=
github.com/gergovari/blog-content v0.0.0-20230427144905-67ef2e52a594 h1:W4lPZYRTLGUcesCO16UkLtwNSdO1akfrYkUGpftDxzg=
github.com/gergovari/blog-content v0.0.0-20230427144905-67ef2e52a594/go.mod h1:l60EUyfcMS+jdgDKhTGqkB2kp0P7Api3k3KX6c7OKDQ=
github.com/gergovari/blog-content v0.0.0-20230427145044-ed921b131b00 h1:deCnA+iaS67qairTCvnzo4g50ikUmtNz2Jv94seVntM=
github.com/gergovari/blog-content v0.0.0-20230427145044-ed921b131b00/go.mod h1:l60EUyfcMS+jdgDKhTGqkB2kp0P7Api3k3KX6c7OKDQ=
github.com/gergovari/blog-content v0.0.0-20230427145446-700260374245 h1:YaBklGjBVvGM2z4wfcEgNX01TaeIRpxGqsH0lfF3CnY=
github.com/gergovari/blog-content v0.0.0-20230427145446-700260374245/go.mod h1:l60EUyfcMS+jdgDKhTGqkB2kp0P7Api3k3KX6c7OKDQ=
github.com/gergovari/blog-content v0.0.0-20230428073056-ed13e11d277e h1:6KbGZ0DdgImWU+ifTUiwIXXbGtRG/3bWGaDA2rjW9Rw=
github.com/gergovari/blog-content v0.0.0-20230428073056-ed13e11d277e/go.mod h1:l60EUyfcMS+jdgDKhTGqkB2kp0P7Api3k3KX6c7OKDQ=
github.com/gergovari/blog-content v0.0.0-20230428073225-fd61546b1244 h1:6cHqzEVP5XmH7xJ7qNKJEPykUeBiOPHs5iAw59O+JWA=
github.com/gergovari/blog-content v0.0.0-20230428073225-fd61546b1244/go.mod h1:l60EUyfcMS+jdgDKhTGqkB2kp0P7Api3k3KX6c7OKDQ=
github.com/gergovari/blog-content v0.0.0-20230428073847-359c89fe2eaf h1:8wAbnEx0GPmF6m+6iOpNHH9rxKLXtSzmbsfEVLFNbcU=
github.com/gergovari/blog-content v0.0.0-20230428073847-359c89fe2eaf/go.mod h1:l60EUyfcMS+jdgDKhTGqkB2kp0P7Api3k3KX6c7OKDQ=
github.com/gergovari/blog-content v0.0.0-20230429072640-5fdf700c8e8f h1:eS72YDqOgFFIJ68HZEauPZiacbEiniJWXITzKzxZdfY=
github.com/gergovari/blog-content v0.0.0-20230429072640-5fdf700c8e8f/go.mod h1:l60EUyfcMS+jdgDKhTGqkB2kp0P7Api3k3KX6c7OKDQ=
github.com/gergovari/blog-content v0.0.0-20230429074615-6968284639c7 h1:taOOevasxmGOxThzylHo6lahmL9FNrVxF7u4/kuTw1k=
github.com/gergovari/blog-content v0.0.0-20230429074615-6968284639c7/go.mod h1:l60EUyfcMS+jdgDKhTGqkB2kp0P7Api3k3KX6c7OKDQ=
github.com/gergovari/blog-content v0.0.0-20230430084714-583d1c5ced30 h1:HcYnKcNFz4l0euN/pNonY4H+0Ph2uidF8+01wVW0+5c=
github.com/gergovari/blog-content v0.0.0-20230430084714-583d1c5ced30/go.mod h1:l60EUyfcMS+jdgDKhTGqkB2kp0P7Api3k3KX6c7OKDQ=
github.com/gergovari/blog-content v0.0.0-20230501121352-fb485aa60827 h1:KjXctLJFxepnCJdGUGDpRjcwk3ln6gsBEQPoMrmAUqg=
github.com/gergovari/blog-content v0.0.0-20230501121352-fb485aa60827/go.mod h1:l60EUyfcMS+jdgDKhTGqkB2kp0P7Api3k3KX6c7OKDQ=
github.com/gergovari/blog-content v0.0.0-20230502132026-864520f054f3 h1:uRp3ywL/W/wCeRMlsQ5SOiyKURmRAsw0+kuGIDyp4DU=
github.com/gergovari/blog-content v0.0.0-20230502132026-864520f054f3/go.mod h1:l60EUyfcMS+jdgDKhTGqkB2kp0P7Api3k3KX6c7OKDQ=
github.com/gergovari/blog-content v0.0.0-20230503165422-4cfee780a99f h1:On9cg0yAtDDyaDlzXJZgW4O0e0GURpq71MsvL3yz0mc=
github.com/gergovari/blog-content v0.0.0-20230503165422-4cfee780a99f/go.mod h1:l60EUyfcMS+jdgDKhTGqkB2kp0P7Api3k3KX6c7OKDQ=
github.com/gergovari/blog-content v0.0.0-20230504091456-1ecf2f6a5522 h1:AekKPXF2iswegS2gdK8Sryq+eSnagTq0vH/xVA9Y7SU=
github.com/gergovari/blog-content v0.0.0-20230504091456-1ecf2f6a5522/go.mod h1:l60EUyfcMS+jdgDKhTGqkB2kp0P7Api3k3KX6c7OKDQ=
github.com/gergovari/varigergo-shared v0.0.0-20230422092631-9f438224cb6b h1:DZtBJO1aHJRf4C+A6nysgviQUzuWCT0HTvKZFGzSO6s=
github.com/gergovari/varigergo-shared v0.0.0-20230422092631-9f438224cb6b/go.mod h1:zwYykESSFMZjvTJ9FF6XjWag63Vx1vYUOKYTFuapDq4=
github.com/gergovari/varigergo-shared v0.0.0-20230423081631-1b327aaae157 h1:9NhgOL4fBACUG/hm3LBoCVwHEFqiaAGcguXo4FHBUwA=
github.com/gergovari/varigergo-shared v0.0.0-20230423081631-1b327aaae157/go.mod h1:zwYykESSFMZjvTJ9FF6XjWag63Vx1vYUOKYTFuapDq4=
github.com/gergovari/varigergo-shared v0.0.0-20230428101057-ddfb7dbbd94a h1:85efFZyJmwzuQkjOqTSI6LuaXQ9TVFg2Nh+G1EcuanQ=
github.com/gergovari/varigergo-shared v0.0.0-20230428101057-ddfb7dbbd94a/go.mod h1:zwYykESSFMZjvTJ9FF6XjWag63Vx1vYUOKYTFuapDq4=
github.com/gergovari/varigergo-shared v0.0.0-20230429073826-c51348117611 h1:zlcYy+mvI37G8o3J3TXvJNPhMOXqB6L+KSmw4LFX6A4=
github.com/gergovari/varigergo-shared v0.0.0-20230429073826-c51348117611/go.mod h1:zwYykESSFMZjvTJ9FF6XjWag63Vx1vYUOKYTFuapDq4=
github.com/gergovari/vyberpunk v0.0.0-20230328165840-1e51e93bf075 h1:Bsb0EOiB+dp6Lm0bySIxAZdVr/IUh9gU84Xd7V5OP/0=
github.com/gergovari/vyberpunk v0.0.0-20230328165840-1e51e93bf075/go.mod h1:opIEPs1vzAZprFQliEna08OJ0Bf1upEwyt8lruKHd4w=
github.com/gergovari/vyberpunk v0.0.0-20230330123057-e23be47551e0 h1:cHjsrZ6X6iWu7tVF7QwzBBgON9m/uGyaEC4SMVwEpPY=
github.com/gergovari/vyberpunk v0.0.0-20230330123057-e23be47551e0/go.mod h1:19EFcXwRJDoGGOx+yDvKkMbbpntpHIZsJUeN2SrNPCQ=
github.com/gergovari/vyberpunk v0.0.0-20230404154459-c5fb916e88e2 h1:5kPmB7jbw0s2VTYaqzM07F3dMsLYs3Dm1IUvpeJJl28=
github.com/gergovari/vyberpunk v0.0.0-20230404154459-c5fb916e88e2/go.mod h1:19EFcXwRJDoGGOx+yDvKkMbbpntpHIZsJUeN2SrNPCQ=
github.com/gergovari/vyberpunk v0.0.0-20230404155422-c4137419ffcb h1:B5tn4MVFiTcZRb6CImbW3QsqPNf3qkqFk8nsYkzJsYc=
github.com/gergovari/vyberpunk v0.0.0-20230404155422-c4137419ffcb/go.mod h1:19EFcXwRJDoGGOx+yDvKkMbbpntpHIZsJUeN2SrNPCQ=
github.com/gergovari/vyberpunk v0.0.0-20230404155713-9f4d5c2d1cc4 h1:icLODAeWJPKVfIjXqPm0nq9iazF88vQ4r44ni6uEZJU=
github.com/gergovari/vyberpunk v0.0.0-20230404155713-9f4d5c2d1cc4/go.mod h1:19EFcXwRJDoGGOx+yDvKkMbbpntpHIZsJUeN2SrNPCQ=
github.com/gergovari/vyberpunk v0.0.0-20230407153827-18e96593449f h1:Vr3aCdNtMMAYXM4mWSxgu/EWpaDIAcqekbmsd0vP63A=
github.com/gergovari/vyberpunk v0.0.0-20230407153827-18e96593449f/go.mod h1:19EFcXwRJDoGGOx+yDvKkMbbpntpHIZsJUeN2SrNPCQ=
github.com/gergovari/vyberpunk v0.0.0-20230407161201-a36e43a55996 h1:KD8qTLcfqoM8WCZe1KSvwiX5fobrTsHBChm1e9uoUO0=
github.com/gergovari/vyberpunk v0.0.0-20230407161201-a36e43a55996/go.mod h1:19EFcXwRJDoGGOx+yDvKkMbbpntpHIZsJUeN2SrNPCQ=
github.com/gergovari/vyberpunk v0.0.0-20230408091217-d898cffa08dc h1:tw0t2kC+9ZpdSYiMxBIVSFFOknNzm6Iq0V+e7u3GrR4=
github.com/gergovari/vyberpunk v0.0.0-20230408091217-d898cffa08dc/go.mod h1:19EFcXwRJDoGGOx+yDvKkMbbpntpHIZsJUeN2SrNPCQ=
github.com/gergovari/vyberpunk v0.0.0-20230408091414-ec63a827438e h1:TdzrHzJRRsrWrFkkbyOhKSrTSMn0YuEXiN6rjo1q2YQ=
github.com/gergovari/vyberpunk v0.0.0-20230408091414-ec63a827438e/go.mod h1:19EFcXwRJDoGGOx+yDvKkMbbpntpHIZsJUeN2SrNPCQ=
github.com/gergovari/vyberpunk v0.0.0-20230408095740-70cddf8eaae1 h1:A+AomGzzjG+ICvh9FTcxzl3uxBFN+iuJaQSEG+m5MOQ=
github.com/gergovari/vyberpunk v0.0.0-20230408095740-70cddf8eaae1/go.mod h1:19EFcXwRJDoGGOx+yDvKkMbbpntpHIZsJUeN2SrNPCQ=
github.com/gergovari/vyberpunk v0.0.0-20230409080500-11c42efc98f7 h1:0HCON9Ow9y0izSiSg8YU17a3G/osrmFOD649yThsDHg=
github.com/gergovari/vyberpunk v0.0.0-20230409080500-11c42efc98f7/go.mod h1:19EFcXwRJDoGGOx+yDvKkMbbpntpHIZsJUeN2SrNPCQ=
github.com/gergovari/vyberpunk v0.0.0-20230409124326-cd42995b5c91 h1:BavJDOLGgZDZMKZkUsFjQ23xS0Hk2uNceXo0RSRb6n4=
github.com/gergovari/vyberpunk v0.0.0-20230409124326-cd42995b5c91/go.mod h1:19EFcXwRJDoGGOx+yDvKkMbbpntpHIZsJUeN2SrNPCQ=
github.com/gergovari/vyberpunk v0.0.0-20230410063802-12de9bd0aed2 h1:9sabD3uB6lEwg4FOoW9CDITwXOhwHoxyz9D2Yzt534Y=
github.com/gergovari/vyberpunk v0.0.0-20230410063802-12de9bd0aed2/go.mod h1:19EFcXwRJDoGGOx+yDvKkMbbpntpHIZsJUeN2SrNPCQ=
github.com/gergovari/vyberpunk v0.0.0-20230410070832-5fd495507d31 h1:3R1xOUNHvDI8q88VuZ1rbJUPlTFsEpjVikTtB6meza4=
github.com/gergovari/vyberpunk v0.0.0-20230410070832-5fd495507d31/go.mod h1:19EFcXwRJDoGGOx+yDvKkMbbpntpHIZsJUeN2SrNPCQ=
github.com/gergovari/vyberpunk v0.0.0-20230411123527-f4b4ec9967b3 h1:JpE0JamFsJZJ1VVSxIq9tztqImOeCl48wCTmi9Tzk9w=
github.com/gergovari/vyberpunk v0.0.0-20230411123527-f4b4ec9967b3/go.mod h1:19EFcXwRJDoGGOx+yDvKkMbbpntpHIZsJUeN2SrNPCQ=
github.com/gergovari/vyberpunk v0.0.0-20230411130131-b1da8f5da26c h1:LcOdDk01KybHPknRMGLndX4RTAOt/oWgfx38Au0/5mI=
github.com/gergovari/vyberpunk v0.0.0-20230411130131-b1da8f5da26c/go.mod h1:19EFcXwRJDoGGOx+yDvKkMbbpntpHIZsJUeN2SrNPCQ=
github.com/gergovari/vyberpunk v0.0.0-20230411130627-03384c31c72b h1:DOb0JM4NGXUaCWKWgiI1yB8fvykyGjwqWtyAbDahE7I=
github.com/gergovari/vyberpunk v0.0.0-20230411130627-03384c31c72b/go.mod h1:19EFcXwRJDoGGOx+yDvKkMbbpntpHIZsJUeN2SrNPCQ=
github.com/gergovari/vyberpunk v0.0.0-20230413141348-e9aca915cf69 h1:zhBaiG4ZQfUMVG+DNM3NaKoDIXGLnqO/+6SXakkdISs=
github.com/gergovari/vyberpunk v0.0.0-20230413141348-e9aca915cf69/go.mod h1:19EFcXwRJDoGGOx+yDvKkMbbpntpHIZsJUeN2SrNPCQ=
github.com/gergovari/vyberpunk v0.0.0-20230414125227-59864bffbe42 h1:isTtsNeNdqIDgOD+DsAndiZpFi1piOU4kuaC0DqIjmY=
github.com/gergovari/vyberpunk v0.0.0-20230414125227-59864bffbe42/go.mod h1:19EFcXwRJDoGGOx+yDvKkMbbpntpHIZsJUeN2SrNPCQ=
github.com/gergovari/vyberpunk v0.0.0-20230414144939-880c3c842949 h1:D86+u/sWufa4/pYS2ngH2tVczi8ITo/k69v6o/WzT9g=
github.com/gergovari/vyberpunk v0.0.0-20230414144939-880c3c842949/go.mod h1:19EFcXwRJDoGGOx+yDvKkMbbpntpHIZsJUeN2SrNPCQ=
github.com/gergovari/vyberpunk v0.0.0-20230414145502-4be8d3f037d1 h1:/d+/qLKDLeuznroLxbgYox3dEx1nDzEtot59B4XOGRY=
github.com/gergovari/vyberpunk v0.0.0-20230414145502-4be8d3f037d1/go.mod h1:19EFcXwRJDoGGOx+yDvKkMbbpntpHIZsJUeN2SrNPCQ=
github.com/gergovari/vyberpunk v0.0.0-20230415050449-f44a6dedf299 h1:yeCl6d5SnZRDXYiM//8e2s/9QlaHixbr+OCIiafVxbU=
github.com/gergovari/vyberpunk v0.0.0-20230415050449-f44a6dedf299/go.mod h1:19EFcXwRJDoGGOx+yDvKkMbbpntpHIZsJUeN2SrNPCQ=
github.com/gergovari/vyberpunk v0.0.0-20230415100944-7f23f8f70682 h1:c71adpy9/BpV7BJBNI9uD2FgL/QBNT9iBKjr0vz61dw=
github.com/gergovari/vyberpunk v0.0.0-20230415100944-7f23f8f70682/go.mod h1:19EFcXwRJDoGGOx+yDvKkMbbpntpHIZsJUeN2SrNPCQ=
github.com/gergovari/vyberpunk v0.0.0-20230416064953-328c1f8f6b14 h1:XmC5fYCNErm+rkQLFtrXyKKXZ9L32iCHiLK/bwRQFYE=
github.com/gergovari/vyberpunk v0.0.0-20230416064953-328c1f8f6b14/go.mod h1:19EFcXwRJDoGGOx+yDvKkMbbpntpHIZsJUeN2SrNPCQ=
github.com/gergovari/vyberpunk v0.0.0-20230416094943-f28f65ed2eca h1:BbhRMrTjSkmKDKyXkI3/t/lC4ELy8OSlm5XoyrH5tA4=
github.com/gergovari/vyberpunk v0.0.0-20230416094943-f28f65ed2eca/go.mod h1:19EFcXwRJDoGGOx+yDvKkMbbpntpHIZsJUeN2SrNPCQ=
github.com/gergovari/vyberpunk v0.0.0-20230416095928-374ca81dcbc1 h1:K/OIeGRbprs5QstqyB4trqDKIr/0bMcqV2uwpkbl27g=
github.com/gergovari/vyberpunk v0.0.0-20230416095928-374ca81dcbc1/go.mod h1:19EFcXwRJDoGGOx+yDvKkMbbpntpHIZsJUeN2SrNPCQ=
github.com/gergovari/vyberpunk v0.0.0-20230416174219-cebfaa6b2239 h1:izM1/w/wIl5D2Da8s1doYEmYLmPfCQ0xTrrq+byzM8k=
github.com/gergovari/vyberpunk v0.0.0-20230416174219-cebfaa6b2239/go.mod h1:19EFcXwRJDoGGOx+yDvKkMbbpntpHIZsJUeN2SrNPCQ=
github.com/gergovari/vyberpunk v0.0.0-20230416181417-49c2b08fb84a h1:tPUbTkTJKWiT+GK1Jnntj9a/k/cGnYn2PWWKxF1UTOw=
github.com/gergovari/vyberpunk v0.0.0-20230416181417-49c2b08fb84a/go.mod h1:19EFcXwRJDoGGOx+yDvKkMbbpntpHIZsJUeN2SrNPCQ=
github.com/gergovari/vyberpunk v0.0.0-20230419060148-1f5add02379e h1:KxOiaS+W6mpbRBTjkaAr5lp9Dy9GiFja106I6Ld/PkA=
github.com/gergovari/vyberpunk v0.0.0-20230419060148-1f5add02379e/go.mod h1:19EFcXwRJDoGGOx+yDvKkMbbpntpHIZsJUeN2SrNPCQ=
github.com/gergovari/vyberpunk v0.0.0-20230419121435-52cb29d962ac h1:GgkrXCgny9XuRexh1TCdgrAn0y1gXHPOCKY6MgxpqWw=
github.com/gergovari/vyberpunk v0.0.0-20230419121435-52cb29d962ac/go.mod h1:19EFcXwRJDoGGOx+yDvKkMbbpntpHIZsJUeN2SrNPCQ=
github.com/gergovari/vyberpunk v0.0.0-20230419125043-727640942130 h1:tacGSpUGx41QMD1Mx7bKm2W0Z0gk8IUgPOIkLjD1ql8=
github.com/gergovari/vyberpunk v0.0.0-20230419125043-727640942130/go.mod h1:19EFcXwRJDoGGOx+yDvKkMbbpntpHIZsJUeN2SrNPCQ=
github.com/gergovari/vyberpunk v0.0.0-20230419141114-a26525c3b504 h1:NlEpzuhYzYWaMwUWjXIXFBZdGUpxJFwJ/BMDsE4yrOk=
github.com/gergovari/vyberpunk v0.0.0-20230419141114-a26525c3b504/go.mod h1:19EFcXwRJDoGGOx+yDvKkMbbpntpHIZsJUeN2SrNPCQ=
github.com/gergovari/vyberpunk v0.0.0-20230420050739-249632a480c9 h1:KtZKfwfmP7GJBWmgtWUQ5qrLP/r0n5PUYFm0ZpADE1E=
github.com/gergovari/vyberpunk v0.0.0-20230420050739-249632a480c9/go.mod h1:19EFcXwRJDoGGOx+yDvKkMbbpntpHIZsJUeN2SrNPCQ=
github.com/gergovari/vyberpunk v0.0.0-20230420054839-209947477440 h1:DShKjdMrgSrVZA/53GXsh436FBUl2i9rU/e/iRqkidk=
github.com/gergovari/vyberpunk v0.0.0-20230420054839-209947477440/go.mod h1:19EFcXwRJDoGGOx+yDvKkMbbpntpHIZsJUeN2SrNPCQ=
github.com/gergovari/vyberpunk v0.0.0-20230420071100-fc0bd7763f3a h1:qcxW2eG0xdpCOuznXac87ZY8RIg/24N/srWMffGAVZc=
github.com/gergovari/vyberpunk v0.0.0-20230420071100-fc0bd7763f3a/go.mod h1:19EFcXwRJDoGGOx+yDvKkMbbpntpHIZsJUeN2SrNPCQ=
github.com/gergovari/vyberpunk v0.0.0-20230420083917-e4cbdcda48d5 h1:Aj1FVOmyKX9CyMD0mYSNr3mTkd9bJn+TF70823slK7s=
github.com/gergovari/vyberpunk v0.0.0-20230420083917-e4cbdcda48d5/go.mod h1:19EFcXwRJDoGGOx+yDvKkMbbpntpHIZsJUeN2SrNPCQ=
github.com/gergovari/vyberpunk v0.0.0-20230421060528-2afa66d75827 h1:sd5eW4RDbbCQ0kKI+ENNGUSHUJxQHv7qx2sWhEO4jhM=
github.com/gergovari/vyberpunk v0.0.0-20230421060528-2afa66d75827/go.mod h1:19EFcXwRJDoGGOx+yDvKkMbbpntpHIZsJUeN2SrNPCQ=
github.com/gergovari/vyberpunk v0.0.0-20230421061204-770aa5dd8500 h1:xTe8lIPb1OWGuUOgzCMEPwlQc1FEcAvAlfst9aZJMlc=
github.com/gergovari/vyberpunk v0.0.0-20230421061204-770aa5dd8500/go.mod h1:19EFcXwRJDoGGOx+yDvKkMbbpntpHIZsJUeN2SrNPCQ=
github.com/gergovari/vyberpunk v0.0.0-20230421105854-8afb768b2949 h1:4DusV8IRjOyFj4j0zNmu4u8PpOIKvbyXP2U6EfhgDd4=
github.com/gergovari/vyberpunk v0.0.0-20230421105854-8afb768b2949/go.mod h1:19EFcXwRJDoGGOx+yDvKkMbbpntpHIZsJUeN2SrNPCQ=
github.com/gergovari/vyberpunk v0.0.0-20230423043811-299de177de9f h1:s7MrNqPwbAP3sP8ScqLGouH9e2oR9M06GXQuE/3vNBU=
github.com/gergovari/vyberpunk v0.0.0-20230423043811-299de177de9f/go.mod h1:19EFcXwRJDoGGOx+yDvKkMbbpntpHIZsJUeN2SrNPCQ=
github.com/gergovari/vyberpunk v0.0.0-20230423081648-41cc7b4e988c h1:ev2KJul7+8hRglziZGvOh6upR3MbRLCsdZNDYnpbmjw=
github.com/gergovari/vyberpunk v0.0.0-20230423081648-41cc7b4e988c/go.mod h1:19EFcXwRJDoGGOx+yDvKkMbbpntpHIZsJUeN2SrNPCQ=
github.com/gergovari/vyberpunk v0.0.0-20230424094354-310124164f98 h1:DHOGrg8Xlmw48ssmin2j+4+lv4Ohbe5xI3zLAuvvJNA=
github.com/gergovari/vyberpunk v0.0.0-20230424094354-310124164f98/go.mod h1:19EFcXwRJDoGGOx+yDvKkMbbpntpHIZsJUeN2SrNPCQ=
github.com/gergovari/vyberpunk v0.0.0-20230424113119-0d71a1ab45c6 h1:2n2j1myvIPJa80qXNVsR2GAwstYOo+XDb+ptP8DQSog=
github.com/gergovari/vyberpunk v0.0.0-20230424113119-0d71a1ab45c6/go.mod h1:19EFcXwRJDoGGOx+yDvKkMbbpntpHIZsJUeN2SrNPCQ=
github.com/gergovari/vyberpunk v0.0.0-20230424144629-50a4abfdad71 h1:SpfgXJyH+ktc4FxBDBiCXq6HGVfgkJ1XVQZsb2UwJTI=
github.com/gergovari/vyberpunk v0.0.0-20230424144629-50a4abfdad71/go.mod h1:19EFcXwRJDoGGOx+yDvKkMbbpntpHIZsJUeN2SrNPCQ=
github.com/gergovari/vyberpunk v0.0.0-20230424145011-8b42c0e28f20 h1:wqrKHKT7lSAWdKZnGAGJXu3CwWCa9e4RrDzCuCCcChU=
github.com/gergovari/vyberpunk v0.0.0-20230424145011-8b42c0e28f20/go.mod h1:19EFcXwRJDoGGOx+yDvKkMbbpntpHIZsJUeN2SrNPCQ=
github.com/gergovari/vyberpunk v0.0.0-20230426050616-8827d117719a h1:VFLNxod+OftVxF+7Jwb+MxlFBZqRG8xNioeSOP1ZatU=
github.com/gergovari/vyberpunk v0.0.0-20230426050616-8827d117719a/go.mod h1:19EFcXwRJDoGGOx+yDvKkMbbpntpHIZsJUeN2SrNPCQ=
github.com/gergovari/vyberpunk v0.0.0-20230429075613-d4218df98a6a h1:w02ckjkqasSwImsWD29PbwtDcRCsPTYp8MROxdrYP9A=
github.com/gergovari/vyberpunk v0.0.0-20230429075613-d4218df98a6a/go.mod h1:19EFcXwRJDoGGOx+yDvKkMbbpntpHIZsJUeN2SrNPCQ=
github.com/vyberd/blog v0.0.0-20230502153511-19b515ee5e77 h1:zvlgd2a3/ApdUcbPyO5wrj1nf1zxVHiPV4woUgXybnk=
github.com/vyberd/blog v0.0.0-20230502153511-19b515ee5e77/go.mod h1:3NJx0InAHEaRHBfjvNdtZPdwkgqJgNqd2wIwY4GZPgY=
github.com/vyberd/checkout v0.0.0-20230502155248-969dfd3189ef h1:H5Xcu28kwmPMk7dF9AoyIUlNW1WOG/Obour/Ql4tFJo=
github.com/vyberd/checkout v0.0.0-20230502155248-969dfd3189ef/go.mod h1:ypR4JwLdHVxtDwKp43df1ciVim/lNaJFb+lbuSiUprU=
github.com/vyberd/funnels v0.0.0-20230502154215-25258e818124 h1:xCe6NtfqWjBG6+JZYut4mXu1YTVAtb4h5W3yz1YEgrw=
github.com/vyberd/funnels v0.0.0-20230502154215-25258e818124/go.mod h1:Jd4xtI3LHQ4tazPHMIc2BtTs8kxIJUVtZOvSPS17GS8=
github.com/vyberd/funnels v0.0.0-20230502154705-ae498bd08738 h1:dyEMAMQrH4hzEDLoC89C7SNilVZZWd0ti5fJhVSouFY=
github.com/vyberd/funnels v0.0.0-20230502154705-ae498bd08738/go.mod h1:Jd4xtI3LHQ4tazPHMIc2BtTs8kxIJUVtZOvSPS17GS8=
github.com/vyberd/questionnaires v0.0.0-20230502160430-a71b68588a07 h1:2YhwLG6uHMyT9Cbjckoglzhem7ee+2R/PWgiu1Sp828=
github.com/vyberd/questionnaires v0.0.0-20230502160430-a71b68588a07/go.mod h1:St0xkyw/Z0tvJDG9X212Lc1RGoG7g2Qf3TOVbKqZ2Lk=
github.com/vyberd/vyberpunk v0.0.0-20230502161039-c0faf93be2a1 h1:/K3PcwhqH0Omd5kA0X9JQl/GjbbrKnTZEmpNECXN7Vk=
github.com/vyberd/vyberpunk v0.0.0-20230502161039-c0faf93be2a1/go.mod h1:LpwNohclLMT11zkOaEL3liR8eBK8t9ZJJiMHMcSc25I=
