github.com/gergovari/blog-content v0.0.0-20230415052356-76cf8040d762 h1:Wf9Dk2ICPGbqacUtZBq46tccCSK+utGseEatlLYGXcE=
github.com/gergovari/blog-content v0.0.0-20230415052356-76cf8040d762/go.mod h1:l60EUyfcMS+jdgDKhTGqkB2kp0P7Api3k3KX6c7OKDQ=
github.com/gergovari/blog-content v0.0.0-20230415101907-ff8e892542b5 h1:iUlXbnQjZd1BfbHvQcJang3Tw/HAEpOq335V2BZcizs=
github.com/gergovari/blog-content v0.0.0-20230415101907-ff8e892542b5/go.mod h1:l60EUyfcMS+jdgDKhTGqkB2kp0P7Api3k3KX6c7OKDQ=
github.com/gergovari/blog-content v0.0.0-20230415102312-f3c182d833e7 h1:GviGmqyVLoNNBUaVbFkwC7SUvXqeZdKID6d9yaEyNDQ=
github.com/gergovari/blog-content v0.0.0-20230415102312-f3c182d833e7/go.mod h1:l60EUyfcMS+jdgDKhTGqkB2kp0P7Api3k3KX6c7OKDQ=
github.com/gergovari/blog-content v0.0.0-20230415142217-8f6c7ef80615 h1:l7rI7FlUg5yzxhxFEcHkbrWUy3UBnMSmRINPoQUKHL4=
github.com/gergovari/blog-content v0.0.0-20230415142217-8f6c7ef80615/go.mod h1:l60EUyfcMS+jdgDKhTGqkB2kp0P7Api3k3KX6c7OKDQ=
github.com/gergovari/blog-content v0.0.0-20230416130100-e1790fc5780f h1:qZ32gQHmIYmBer+9Yl+pQwXu9rKlS5O7WeMTBqeHcGE=
github.com/gergovari/blog-content v0.0.0-20230416130100-e1790fc5780f/go.mod h1:l60EUyfcMS+jdgDKhTGqkB2kp0P7Api3k3KX6c7OKDQ=
github.com/gergovari/blog-content v0.0.0-20230416144614-3f61e9d9ff2f h1:F2B+mF9KV1apDOaBBHF4UZI/TGeHb0SDlezZXqcFBmk=
github.com/gergovari/blog-content v0.0.0-20230416144614-3f61e9d9ff2f/go.mod h1:l60EUyfcMS+jdgDKhTGqkB2kp0P7Api3k3KX6c7OKDQ=
github.com/gergovari/blog-content v0.0.0-20230416181902-0c83d1274ee0 h1:WcYWAOHD3P2nMLYTuvoGn7sAiP77F4w4ckl7RZpOM0o=
github.com/gergovari/blog-content v0.0.0-20230416181902-0c83d1274ee0/go.mod h1:l60EUyfcMS+jdgDKhTGqkB2kp0P7Api3k3KX6c7OKDQ=
github.com/gergovari/blog-content v0.0.0-20230417122622-db0925f639e4 h1:jYe3TJFXcEFSuAk0ZNLMSxC/YVJmv2RfW39PIu71+io=
github.com/gergovari/blog-content v0.0.0-20230417122622-db0925f639e4/go.mod h1:l60EUyfcMS+jdgDKhTGqkB2kp0P7Api3k3KX6c7OKDQ=
github.com/gergovari/blog-content v0.0.0-20230417123148-c31713081084 h1:KQmRy6K22TZoXN99hzj4zE8eDqMEq3EtaUWQhw3DVqw=
github.com/gergovari/blog-content v0.0.0-20230417123148-c31713081084/go.mod h1:l60EUyfcMS+jdgDKhTGqkB2kp0P7Api3k3KX6c7OKDQ=
github.com/gergovari/blog-content v0.0.0-20230418095448-d8d483880b9f h1:Qv11ddhvL8xAcMStMpd5wJgn5AqV9FAFHaOr7vut99k=
github.com/gergovari/blog-content v0.0.0-20230418095448-d8d483880b9f/go.mod h1:l60EUyfcMS+jdgDKhTGqkB2kp0P7Api3k3KX6c7OKDQ=
github.com/gergovari/blog-content v0.0.0-20230419103312-9dbcff8642c7 h1:mQf/WLEdgUejNR4qI2TGDn07KabG0sP4/foYf0ulQq8=
github.com/gergovari/blog-content v0.0.0-20230419103312-9dbcff8642c7/go.mod h1:l60EUyfcMS+jdgDKhTGqkB2kp0P7Api3k3KX6c7OKDQ=
github.com/gergovari/blog-content v0.0.0-20230420071000-fd85a9950f5c h1:WMJ3L4xU9wVmFGWlgBnhIgbTCuxJjMgdcwEIhlNpyCU=
github.com/gergovari/blog-content v0.0.0-20230420071000-fd85a9950f5c/go.mod h1:l60EUyfcMS+jdgDKhTGqkB2kp0P7Api3k3KX6c7OKDQ=
github.com/gergovari/blog-content v0.0.0-20230421061438-63abea3aa8f0 h1:BUMA57DZxMN7uWwnpJbfGlNdCEFIddGq8Hafj8Kqb1Q=
github.com/gergovari/blog-content v0.0.0-20230421061438-63abea3aa8f0/go.mod h1:l60EUyfcMS+jdgDKhTGqkB2kp0P7Api3k3KX6c7OKDQ=
github.com/gergovari/blog-content v0.0.0-20230422052925-5d640e4fc2ed h1:oukyVDtQ2QtcruHptH/2uR3dKLZnA/2krzkAWjjXRJQ=
github.com/gergovari/blog-content v0.0.0-20230422052925-5d640e4fc2ed/go.mod h1:l60EUyfcMS+jdgDKhTGqkB2kp0P7Api3k3KX6c7OKDQ=
github.com/gergovari/vyberpunk v0.0.0-20230328165840-1e51e93bf075 h1:Bsb0EOiB+dp6Lm0bySIxAZdVr/IUh9gU84Xd7V5OP/0=
github.com/gergovari/vyberpunk v0.0.0-20230328165840-1e51e93bf075/go.mod h1:opIEPs1vzAZprFQliEna08OJ0Bf1upEwyt8lruKHd4w=
github.com/gergovari/vyberpunk v0.0.0-20230330123057-e23be47551e0 h1:cHjsrZ6X6iWu7tVF7QwzBBgON9m/uGyaEC4SMVwEpPY=
github.com/gergovari/vyberpunk v0.0.0-20230330123057-e23be47551e0/go.mod h1:19EFcXwRJDoGGOx+yDvKkMbbpntpHIZsJUeN2SrNPCQ=
github.com/gergovari/vyberpunk v0.0.0-20230404154459-c5fb916e88e2 h1:5kPmB7jbw0s2VTYaqzM07F3dMsLYs3Dm1IUvpeJJl28=
github.com/gergovari/vyberpunk v0.0.0-20230404154459-c5fb916e88e2/go.mod h1:19EFcXwRJDoGGOx+yDvKkMbbpntpHIZsJUeN2SrNPCQ=
github.com/gergovari/vyberpunk v0.0.0-20230404155422-c4137419ffcb h1:B5tn4MVFiTcZRb6CImbW3QsqPNf3qkqFk8nsYkzJsYc=
github.com/gergovari/vyberpunk v0.0.0-20230404155422-c4137419ffcb/go.mod h1:19EFcXwRJDoGGOx+yDvKkMbbpntpHIZsJUeN2SrNPCQ=
github.com/gergovari/vyberpunk v0.0.0-20230404155713-9f4d5c2d1cc4 h1:icLODAeWJPKVfIjXqPm0nq9iazF88vQ4r44ni6uEZJU=
github.com/gergovari/vyberpunk v0.0.0-20230404155713-9f4d5c2d1cc4/go.mod h1:19EFcXwRJDoGGOx+yDvKkMbbpntpHIZsJUeN2SrNPCQ=
github.com/gergovari/vyberpunk v0.0.0-20230407153827-18e96593449f h1:Vr3aCdNtMMAYXM4mWSxgu/EWpaDIAcqekbmsd0vP63A=
github.com/gergovari/vyberpunk v0.0.0-20230407153827-18e96593449f/go.mod h1:19EFcXwRJDoGGOx+yDvKkMbbpntpHIZsJUeN2SrNPCQ=
github.com/gergovari/vyberpunk v0.0.0-20230407161201-a36e43a55996 h1:KD8qTLcfqoM8WCZe1KSvwiX5fobrTsHBChm1e9uoUO0=
github.com/gergovari/vyberpunk v0.0.0-20230407161201-a36e43a55996/go.mod h1:19EFcXwRJDoGGOx+yDvKkMbbpntpHIZsJUeN2SrNPCQ=
github.com/gergovari/vyberpunk v0.0.0-20230408091217-d898cffa08dc h1:tw0t2kC+9ZpdSYiMxBIVSFFOknNzm6Iq0V+e7u3GrR4=
github.com/gergovari/vyberpunk v0.0.0-20230408091217-d898cffa08dc/go.mod h1:19EFcXwRJDoGGOx+yDvKkMbbpntpHIZsJUeN2SrNPCQ=
github.com/gergovari/vyberpunk v0.0.0-20230408091414-ec63a827438e h1:TdzrHzJRRsrWrFkkbyOhKSrTSMn0YuEXiN6rjo1q2YQ=
github.com/gergovari/vyberpunk v0.0.0-20230408091414-ec63a827438e/go.mod h1:19EFcXwRJDoGGOx+yDvKkMbbpntpHIZsJUeN2SrNPCQ=
github.com/gergovari/vyberpunk v0.0.0-20230408095740-70cddf8eaae1 h1:A+AomGzzjG+ICvh9FTcxzl3uxBFN+iuJaQSEG+m5MOQ=
github.com/gergovari/vyberpunk v0.0.0-20230408095740-70cddf8eaae1/go.mod h1:19EFcXwRJDoGGOx+yDvKkMbbpntpHIZsJUeN2SrNPCQ=
github.com/gergovari/vyberpunk v0.0.0-20230409080500-11c42efc98f7 h1:0HCON9Ow9y0izSiSg8YU17a3G/osrmFOD649yThsDHg=
github.com/gergovari/vyberpunk v0.0.0-20230409080500-11c42efc98f7/go.mod h1:19EFcXwRJDoGGOx+yDvKkMbbpntpHIZsJUeN2SrNPCQ=
github.com/gergovari/vyberpunk v0.0.0-20230409124326-cd42995b5c91 h1:BavJDOLGgZDZMKZkUsFjQ23xS0Hk2uNceXo0RSRb6n4=
github.com/gergovari/vyberpunk v0.0.0-20230409124326-cd42995b5c91/go.mod h1:19EFcXwRJDoGGOx+yDvKkMbbpntpHIZsJUeN2SrNPCQ=
github.com/gergovari/vyberpunk v0.0.0-20230410063802-12de9bd0aed2 h1:9sabD3uB6lEwg4FOoW9CDITwXOhwHoxyz9D2Yzt534Y=
github.com/gergovari/vyberpunk v0.0.0-20230410063802-12de9bd0aed2/go.mod h1:19EFcXwRJDoGGOx+yDvKkMbbpntpHIZsJUeN2SrNPCQ=
github.com/gergovari/vyberpunk v0.0.0-20230410070832-5fd495507d31 h1:3R1xOUNHvDI8q88VuZ1rbJUPlTFsEpjVikTtB6meza4=
github.com/gergovari/vyberpunk v0.0.0-20230410070832-5fd495507d31/go.mod h1:19EFcXwRJDoGGOx+yDvKkMbbpntpHIZsJUeN2SrNPCQ=
github.com/gergovari/vyberpunk v0.0.0-20230411123527-f4b4ec9967b3 h1:JpE0JamFsJZJ1VVSxIq9tztqImOeCl48wCTmi9Tzk9w=
github.com/gergovari/vyberpunk v0.0.0-20230411123527-f4b4ec9967b3/go.mod h1:19EFcXwRJDoGGOx+yDvKkMbbpntpHIZsJUeN2SrNPCQ=
github.com/gergovari/vyberpunk v0.0.0-20230411130131-b1da8f5da26c h1:LcOdDk01KybHPknRMGLndX4RTAOt/oWgfx38Au0/5mI=
github.com/gergovari/vyberpunk v0.0.0-20230411130131-b1da8f5da26c/go.mod h1:19EFcXwRJDoGGOx+yDvKkMbbpntpHIZsJUeN2SrNPCQ=
github.com/gergovari/vyberpunk v0.0.0-20230411130627-03384c31c72b h1:DOb0JM4NGXUaCWKWgiI1yB8fvykyGjwqWtyAbDahE7I=
github.com/gergovari/vyberpunk v0.0.0-20230411130627-03384c31c72b/go.mod h1:19EFcXwRJDoGGOx+yDvKkMbbpntpHIZsJUeN2SrNPCQ=
github.com/gergovari/vyberpunk v0.0.0-20230413141348-e9aca915cf69 h1:zhBaiG4ZQfUMVG+DNM3NaKoDIXGLnqO/+6SXakkdISs=
github.com/gergovari/vyberpunk v0.0.0-20230413141348-e9aca915cf69/go.mod h1:19EFcXwRJDoGGOx+yDvKkMbbpntpHIZsJUeN2SrNPCQ=
github.com/gergovari/vyberpunk v0.0.0-20230414125227-59864bffbe42 h1:isTtsNeNdqIDgOD+DsAndiZpFi1piOU4kuaC0DqIjmY=
github.com/gergovari/vyberpunk v0.0.0-20230414125227-59864bffbe42/go.mod h1:19EFcXwRJDoGGOx+yDvKkMbbpntpHIZsJUeN2SrNPCQ=
github.com/gergovari/vyberpunk v0.0.0-20230414144939-880c3c842949 h1:D86+u/sWufa4/pYS2ngH2tVczi8ITo/k69v6o/WzT9g=
github.com/gergovari/vyberpunk v0.0.0-20230414144939-880c3c842949/go.mod h1:19EFcXwRJDoGGOx+yDvKkMbbpntpHIZsJUeN2SrNPCQ=
github.com/gergovari/vyberpunk v0.0.0-20230414145502-4be8d3f037d1 h1:/d+/qLKDLeuznroLxbgYox3dEx1nDzEtot59B4XOGRY=
github.com/gergovari/vyberpunk v0.0.0-20230414145502-4be8d3f037d1/go.mod h1:19EFcXwRJDoGGOx+yDvKkMbbpntpHIZsJUeN2SrNPCQ=
github.com/gergovari/vyberpunk v0.0.0-20230415050449-f44a6dedf299 h1:yeCl6d5SnZRDXYiM//8e2s/9QlaHixbr+OCIiafVxbU=
github.com/gergovari/vyberpunk v0.0.0-20230415050449-f44a6dedf299/go.mod h1:19EFcXwRJDoGGOx+yDvKkMbbpntpHIZsJUeN2SrNPCQ=
github.com/gergovari/vyberpunk v0.0.0-20230415100944-7f23f8f70682 h1:c71adpy9/BpV7BJBNI9uD2FgL/QBNT9iBKjr0vz61dw=
github.com/gergovari/vyberpunk v0.0.0-20230415100944-7f23f8f70682/go.mod h1:19EFcXwRJDoGGOx+yDvKkMbbpntpHIZsJUeN2SrNPCQ=
github.com/gergovari/vyberpunk v0.0.0-20230416064953-328c1f8f6b14 h1:XmC5fYCNErm+rkQLFtrXyKKXZ9L32iCHiLK/bwRQFYE=
github.com/gergovari/vyberpunk v0.0.0-20230416064953-328c1f8f6b14/go.mod h1:19EFcXwRJDoGGOx+yDvKkMbbpntpHIZsJUeN2SrNPCQ=
github.com/gergovari/vyberpunk v0.0.0-20230416094943-f28f65ed2eca h1:BbhRMrTjSkmKDKyXkI3/t/lC4ELy8OSlm5XoyrH5tA4=
github.com/gergovari/vyberpunk v0.0.0-20230416094943-f28f65ed2eca/go.mod h1:19EFcXwRJDoGGOx+yDvKkMbbpntpHIZsJUeN2SrNPCQ=
github.com/gergovari/vyberpunk v0.0.0-20230416095928-374ca81dcbc1 h1:K/OIeGRbprs5QstqyB4trqDKIr/0bMcqV2uwpkbl27g=
github.com/gergovari/vyberpunk v0.0.0-20230416095928-374ca81dcbc1/go.mod h1:19EFcXwRJDoGGOx+yDvKkMbbpntpHIZsJUeN2SrNPCQ=
github.com/gergovari/vyberpunk v0.0.0-20230416174219-cebfaa6b2239 h1:izM1/w/wIl5D2Da8s1doYEmYLmPfCQ0xTrrq+byzM8k=
github.com/gergovari/vyberpunk v0.0.0-20230416174219-cebfaa6b2239/go.mod h1:19EFcXwRJDoGGOx+yDvKkMbbpntpHIZsJUeN2SrNPCQ=
github.com/gergovari/vyberpunk v0.0.0-20230416181417-49c2b08fb84a h1:tPUbTkTJKWiT+GK1Jnntj9a/k/cGnYn2PWWKxF1UTOw=
github.com/gergovari/vyberpunk v0.0.0-20230416181417-49c2b08fb84a/go.mod h1:19EFcXwRJDoGGOx+yDvKkMbbpntpHIZsJUeN2SrNPCQ=
github.com/gergovari/vyberpunk v0.0.0-20230419060148-1f5add02379e h1:KxOiaS+W6mpbRBTjkaAr5lp9Dy9GiFja106I6Ld/PkA=
github.com/gergovari/vyberpunk v0.0.0-20230419060148-1f5add02379e/go.mod h1:19EFcXwRJDoGGOx+yDvKkMbbpntpHIZsJUeN2SrNPCQ=
github.com/gergovari/vyberpunk v0.0.0-20230419121435-52cb29d962ac h1:GgkrXCgny9XuRexh1TCdgrAn0y1gXHPOCKY6MgxpqWw=
github.com/gergovari/vyberpunk v0.0.0-20230419121435-52cb29d962ac/go.mod h1:19EFcXwRJDoGGOx+yDvKkMbbpntpHIZsJUeN2SrNPCQ=
github.com/gergovari/vyberpunk v0.0.0-20230419125043-727640942130 h1:tacGSpUGx41QMD1Mx7bKm2W0Z0gk8IUgPOIkLjD1ql8=
github.com/gergovari/vyberpunk v0.0.0-20230419125043-727640942130/go.mod h1:19EFcXwRJDoGGOx+yDvKkMbbpntpHIZsJUeN2SrNPCQ=
github.com/gergovari/vyberpunk v0.0.0-20230419141114-a26525c3b504 h1:NlEpzuhYzYWaMwUWjXIXFBZdGUpxJFwJ/BMDsE4yrOk=
github.com/gergovari/vyberpunk v0.0.0-20230419141114-a26525c3b504/go.mod h1:19EFcXwRJDoGGOx+yDvKkMbbpntpHIZsJUeN2SrNPCQ=
github.com/gergovari/vyberpunk v0.0.0-20230420050739-249632a480c9 h1:KtZKfwfmP7GJBWmgtWUQ5qrLP/r0n5PUYFm0ZpADE1E=
github.com/gergovari/vyberpunk v0.0.0-20230420050739-249632a480c9/go.mod h1:19EFcXwRJDoGGOx+yDvKkMbbpntpHIZsJUeN2SrNPCQ=
github.com/gergovari/vyberpunk v0.0.0-20230420054839-209947477440 h1:DShKjdMrgSrVZA/53GXsh436FBUl2i9rU/e/iRqkidk=
github.com/gergovari/vyberpunk v0.0.0-20230420054839-209947477440/go.mod h1:19EFcXwRJDoGGOx+yDvKkMbbpntpHIZsJUeN2SrNPCQ=
github.com/gergovari/vyberpunk v0.0.0-20230420071100-fc0bd7763f3a h1:qcxW2eG0xdpCOuznXac87ZY8RIg/24N/srWMffGAVZc=
github.com/gergovari/vyberpunk v0.0.0-20230420071100-fc0bd7763f3a/go.mod h1:19EFcXwRJDoGGOx+yDvKkMbbpntpHIZsJUeN2SrNPCQ=
github.com/gergovari/vyberpunk v0.0.0-20230420083917-e4cbdcda48d5 h1:Aj1FVOmyKX9CyMD0mYSNr3mTkd9bJn+TF70823slK7s=
github.com/gergovari/vyberpunk v0.0.0-20230420083917-e4cbdcda48d5/go.mod h1:19EFcXwRJDoGGOx+yDvKkMbbpntpHIZsJUeN2SrNPCQ=
github.com/gergovari/vyberpunk v0.0.0-20230421060528-2afa66d75827 h1:sd5eW4RDbbCQ0kKI+ENNGUSHUJxQHv7qx2sWhEO4jhM=
github.com/gergovari/vyberpunk v0.0.0-20230421060528-2afa66d75827/go.mod h1:19EFcXwRJDoGGOx+yDvKkMbbpntpHIZsJUeN2SrNPCQ=
github.com/gergovari/vyberpunk v0.0.0-20230421061204-770aa5dd8500 h1:xTe8lIPb1OWGuUOgzCMEPwlQc1FEcAvAlfst9aZJMlc=
github.com/gergovari/vyberpunk v0.0.0-20230421061204-770aa5dd8500/go.mod h1:19EFcXwRJDoGGOx+yDvKkMbbpntpHIZsJUeN2SrNPCQ=
github.com/gergovari/vyberpunk v0.0.0-20230421105854-8afb768b2949 h1:4DusV8IRjOyFj4j0zNmu4u8PpOIKvbyXP2U6EfhgDd4=
github.com/gergovari/vyberpunk v0.0.0-20230421105854-8afb768b2949/go.mod h1:19EFcXwRJDoGGOx+yDvKkMbbpntpHIZsJUeN2SrNPCQ=
