github.com/gergovari/vyberpunk v0.0.0-20230328165840-1e51e93bf075 h1:Bsb0EOiB+dp6Lm0bySIxAZdVr/IUh9gU84Xd7V5OP/0=
github.com/gergovari/vyberpunk v0.0.0-20230328165840-1e51e93bf075/go.mod h1:opIEPs1vzAZprFQliEna08OJ0Bf1upEwyt8lruKHd4w=
github.com/gergovari/vyberpunk v0.0.0-20230330123057-e23be47551e0 h1:cHjsrZ6X6iWu7tVF7QwzBBgON9m/uGyaEC4SMVwEpPY=
github.com/gergovari/vyberpunk v0.0.0-20230330123057-e23be47551e0/go.mod h1:19EFcXwRJDoGGOx+yDvKkMbbpntpHIZsJUeN2SrNPCQ=
